
Microsoft Visual Studio Solution File, Format Version 12.00
# Visual Studio Version 17
VisualStudioVersion = 17.7.34302.85
MinimumVisualStudioVersion = 10.0.40219.1
Project("{FAE04EC0-301F-11D3-BF4B-00C04F79EFBC}") = "DemoRealTimeSystemSimulator", "DemoRealTimeSystemSimulator\DemoRealTimeSystemSimulator.csproj", "{338AB199-5E99-44E1-9601-67BAF0EE1A96}"
EndProject
Global
	GlobalSection(SolutionConfigurationPlatforms) = preSolution
		Debug|Any CPU = Debug|Any CPU
		Release|Any CPU = Release|Any CPU
	EndGlobalSection
	GlobalSection(ProjectConfigurationPlatforms) = postSolution
		{338AB199-5E99-44E1-9601-67BAF0EE1A96}.Debug|Any CPU.ActiveCfg = Debug|Any CPU
		{338AB199-5E99-44E1-9601-67BAF0EE1A96}.Debug|Any CPU.Build.0 = Debug|Any CPU
		{338AB199-5E99-44E1-9601-67BAF0EE1A96}.Release|Any CPU.ActiveCfg = Release|Any CPU
		{338AB199-5E99-44E1-9601-67BAF0EE1A96}.Release|Any CPU.Build.0 = Release|Any CPU
	EndGlobalSection
	GlobalSection(SolutionProperties) = preSolution
		HideSolutionNode = FALSE
	EndGlobalSection
	GlobalSection(ExtensibilityGlobals) = postSolution
		SolutionGuid = {D73D40FD-1EA3-40AC-A9A9-0BA8AB074D21}
	EndGlobalSection
EndGlobal
